// !$*UTF8*$!
{
	archiveVersion = 1;
	classes = {
	};
	objectVersion = 56;
	objects = {

/* Begin PBXBuildFile section */
		7A66564B2C98BE2F0068A793 /* NoDataView.swift in Sources */ = {isa = PBXBuildFile; fileRef = 7A6656492C98BE2E0068A793 /* NoDataView.swift */; };
		7A66564C2C98BE2F0068A793 /* NoDataView.xib in Resources */ = {isa = PBXBuildFile; fileRef = 7A66564A2C98BE2F0068A793 /* NoDataView.xib */; };
		7A6656512C98D91D0068A793 /* GitRepoDetailsVC.swift in Sources */ = {isa = PBXBuildFile; fileRef = 7A6656502C98D91D0068A793 /* GitRepoDetailsVC.swift */; };
		7A6656532C98EBAA0068A793 /* UILabel+Extensions.swift in Sources */ = {isa = PBXBuildFile; fileRef = 7A6656522C98EBAA0068A793 /* UILabel+Extensions.swift */; };
		7AAFD50C2C97E72600E0D850 /* AppDelegate.swift in Sources */ = {isa = PBXBuildFile; fileRef = 7AAFD50B2C97E72600E0D850 /* AppDelegate.swift */; };
		7AAFD50E2C97E72600E0D850 /* SceneDelegate.swift in Sources */ = {isa = PBXBuildFile; fileRef = 7AAFD50D2C97E72600E0D850 /* SceneDelegate.swift */; };
		7AAFD5102C97E72600E0D850 /* TrendingListVC.swift in Sources */ = {isa = PBXBuildFile; fileRef = 7AAFD50F2C97E72600E0D850 /* TrendingListVC.swift */; };
		7AAFD5132C97E72600E0D850 /* Main.storyboard in Resources */ = {isa = PBXBuildFile; fileRef = 7AAFD5112C97E72600E0D850 /* Main.storyboard */; };
		7AAFD5152C97E72700E0D850 /* Assets.xcassets in Resources */ = {isa = PBXBuildFile; fileRef = 7AAFD5142C97E72700E0D850 /* Assets.xcassets */; };
		7AAFD5182C97E72700E0D850 /* LaunchScreen.storyboard in Resources */ = {isa = PBXBuildFile; fileRef = 7AAFD5162C97E72700E0D850 /* LaunchScreen.storyboard */; };
		7AAFD5272C97EC1000E0D850 /* NetworkManger.swift in Sources */ = {isa = PBXBuildFile; fileRef = 7AAFD5262C97EC1000E0D850 /* NetworkManger.swift */; };
		7AAFD52B2C97EE8A00E0D850 /* TrendingListViewModel.swift in Sources */ = {isa = PBXBuildFile; fileRef = 7AAFD52A2C97EE8A00E0D850 /* TrendingListViewModel.swift */; };
		7AAFD52D2C97EF2600E0D850 /* GitRepositoriesResponse.swift in Sources */ = {isa = PBXBuildFile; fileRef = 7AAFD52C2C97EF2600E0D850 /* GitRepositoriesResponse.swift */; };
		7AAFD5312C97EFF000E0D850 /* RepositoryCell.swift in Sources */ = {isa = PBXBuildFile; fileRef = 7AAFD52F2C97EFEF00E0D850 /* RepositoryCell.swift */; };
		7AAFD5322C97EFF000E0D850 /* RepositoryCell.xib in Resources */ = {isa = PBXBuildFile; fileRef = 7AAFD5302C97EFF000E0D850 /* RepositoryCell.xib */; };
		7AAFD5352C97FBFB00E0D850 /* UITableView+Extension.swift in Sources */ = {isa = PBXBuildFile; fileRef = 7AAFD5342C97FBFB00E0D850 /* UITableView+Extension.swift */; };
		7AAFD5382C986E9900E0D850 /* Constants.swift in Sources */ = {isa = PBXBuildFile; fileRef = 7AAFD5372C986E9900E0D850 /* Constants.swift */; };
		7AAFD53A2C986F1700E0D850 /* UIViewController+Extension.swift in Sources */ = {isa = PBXBuildFile; fileRef = 7AAFD5392C986F1700E0D850 /* UIViewController+Extension.swift */; };
		7AAFD53C2C98763700E0D850 /* Kingfisher+Extension.swift in Sources */ = {isa = PBXBuildFile; fileRef = 7AAFD53B2C98763700E0D850 /* Kingfisher+Extension.swift */; };
		7ADB02432C98802000CB4AF0 /* CustomSegment.swift in Sources */ = {isa = PBXBuildFile; fileRef = 7ADB02422C98802000CB4AF0 /* CustomSegment.swift */; };
		7ADB02452C9884F300CB4AF0 /* UINavigationBar+Extension.swift in Sources */ = {isa = PBXBuildFile; fileRef = 7ADB02442C9884F300CB4AF0 /* UINavigationBar+Extension.swift */; };
		7ADB02472C989A2200CB4AF0 /* JGProgressHUD+Extension.swift in Sources */ = {isa = PBXBuildFile; fileRef = 7ADB02462C989A2200CB4AF0 /* JGProgressHUD+Extension.swift */; };
		7AF402D52C99CE020064BEB1 /* ReachabilityManagement.swift in Sources */ = {isa = PBXBuildFile; fileRef = 7AF402D42C99CE020064BEB1 /* ReachabilityManagement.swift */; };
		7AF402D72C99D87C0064BEB1 /* BaseVC.swift in Sources */ = {isa = PBXBuildFile; fileRef = 7AF402D62C99D87C0064BEB1 /* BaseVC.swift */; };
		7AF402DA2C99DEE10064BEB1 /* NoInternetViewController.swift in Sources */ = {isa = PBXBuildFile; fileRef = 7AF402D92C99DEE10064BEB1 /* NoInternetViewController.swift */; };
		7AFD3F682C9905C3007B53C0 /* FavoritesManager.swift in Sources */ = {isa = PBXBuildFile; fileRef = 7AFD3F672C9905C3007B53C0 /* FavoritesManager.swift */; };
		7AFD3F6C2C9909AD007B53C0 /* FavoritesVC.swift in Sources */ = {isa = PBXBuildFile; fileRef = 7AFD3F6A2C9909AD007B53C0 /* FavoritesVC.swift */; };
		7AFD3F6D2C9909AD007B53C0 /* FavoritesVC.xib in Resources */ = {isa = PBXBuildFile; fileRef = 7AFD3F6B2C9909AD007B53C0 /* FavoritesVC.xib */; };
		7AFD3F712C9910FF007B53C0 /* Array+Extension.swift in Sources */ = {isa = PBXBuildFile; fileRef = 7AFD3F702C9910FF007B53C0 /* Array+Extension.swift */; };
		7AFD3F732C992388007B53C0 /* FavoritesViewModel.swift in Sources */ = {isa = PBXBuildFile; fileRef = 7AFD3F722C992388007B53C0 /* FavoritesViewModel.swift */; };
		7AFD3F752C99241F007B53C0 /* UISearchBar+Extension.swift in Sources */ = {isa = PBXBuildFile; fileRef = 7AFD3F742C99241F007B53C0 /* UISearchBar+Extension.swift */; };
		E1E3C07CCD2881F663F94C20 /* Pods_GitHupTrendingApp.framework in Frameworks */ = {isa = PBXBuildFile; fileRef = B6B05B690768B05550687BE3 /* Pods_GitHupTrendingApp.framework */; };
/* End PBXBuildFile section */

/* Begin PBXFileReference section */
		7A6656492C98BE2E0068A793 /* NoDataView.swift */ = {isa = PBXFileReference; fileEncoding = 4; lastKnownFileType = sourcecode.swift; path = NoDataView.swift; sourceTree = "<group>"; };
		7A66564A2C98BE2F0068A793 /* NoDataView.xib */ = {isa = PBXFileReference; fileEncoding = 4; lastKnownFileType = file.xib; path = NoDataView.xib; sourceTree = "<group>"; };
		7A6656502C98D91D0068A793 /* GitRepoDetailsVC.swift */ = {isa = PBXFileReference; lastKnownFileType = sourcecode.swift; path = GitRepoDetailsVC.swift; sourceTree = "<group>"; };
		7A6656522C98EBAA0068A793 /* UILabel+Extensions.swift */ = {isa = PBXFileReference; lastKnownFileType = sourcecode.swift; path = "UILabel+Extensions.swift"; sourceTree = "<group>"; };
		7AAFD5082C97E72600E0D850 /* GitHupTrendingApp.app */ = {isa = PBXFileReference; explicitFileType = wrapper.application; includeInIndex = 0; path = GitHupTrendingApp.app; sourceTree = BUILT_PRODUCTS_DIR; };
		7AAFD50B2C97E72600E0D850 /* AppDelegate.swift */ = {isa = PBXFileReference; lastKnownFileType = sourcecode.swift; path = AppDelegate.swift; sourceTree = "<group>"; };
		7AAFD50D2C97E72600E0D850 /* SceneDelegate.swift */ = {isa = PBXFileReference; lastKnownFileType = sourcecode.swift; path = SceneDelegate.swift; sourceTree = "<group>"; };
		7AAFD50F2C97E72600E0D850 /* TrendingListVC.swift */ = {isa = PBXFileReference; lastKnownFileType = sourcecode.swift; path = TrendingListVC.swift; sourceTree = "<group>"; };
		7AAFD5122C97E72600E0D850 /* Base */ = {isa = PBXFileReference; lastKnownFileType = file.storyboard; name = Base; path = Base.lproj/Main.storyboard; sourceTree = "<group>"; };
		7AAFD5142C97E72700E0D850 /* Assets.xcassets */ = {isa = PBXFileReference; lastKnownFileType = folder.assetcatalog; path = Assets.xcassets; sourceTree = "<group>"; };
		7AAFD5172C97E72700E0D850 /* Base */ = {isa = PBXFileReference; lastKnownFileType = file.storyboard; name = Base; path = Base.lproj/LaunchScreen.storyboard; sourceTree = "<group>"; };
		7AAFD5192C97E72700E0D850 /* Info.plist */ = {isa = PBXFileReference; lastKnownFileType = text.plist.xml; path = Info.plist; sourceTree = "<group>"; };
		7AAFD5262C97EC1000E0D850 /* NetworkManger.swift */ = {isa = PBXFileReference; lastKnownFileType = sourcecode.swift; path = NetworkManger.swift; sourceTree = "<group>"; };
		7AAFD52A2C97EE8A00E0D850 /* TrendingListViewModel.swift */ = {isa = PBXFileReference; lastKnownFileType = sourcecode.swift; path = TrendingListViewModel.swift; sourceTree = "<group>"; };
		7AAFD52C2C97EF2600E0D850 /* GitRepositoriesResponse.swift */ = {isa = PBXFileReference; lastKnownFileType = sourcecode.swift; path = GitRepositoriesResponse.swift; sourceTree = "<group>"; };
		7AAFD52F2C97EFEF00E0D850 /* RepositoryCell.swift */ = {isa = PBXFileReference; lastKnownFileType = sourcecode.swift; path = RepositoryCell.swift; sourceTree = "<group>"; };
		7AAFD5302C97EFF000E0D850 /* RepositoryCell.xib */ = {isa = PBXFileReference; lastKnownFileType = file.xib; path = RepositoryCell.xib; sourceTree = "<group>"; };
		7AAFD5342C97FBFB00E0D850 /* UITableView+Extension.swift */ = {isa = PBXFileReference; lastKnownFileType = sourcecode.swift; path = "UITableView+Extension.swift"; sourceTree = "<group>"; };
		7AAFD5372C986E9900E0D850 /* Constants.swift */ = {isa = PBXFileReference; lastKnownFileType = sourcecode.swift; path = Constants.swift; sourceTree = "<group>"; };
		7AAFD5392C986F1700E0D850 /* UIViewController+Extension.swift */ = {isa = PBXFileReference; lastKnownFileType = sourcecode.swift; path = "UIViewController+Extension.swift"; sourceTree = "<group>"; };
		7AAFD53B2C98763700E0D850 /* Kingfisher+Extension.swift */ = {isa = PBXFileReference; lastKnownFileType = sourcecode.swift; path = "Kingfisher+Extension.swift"; sourceTree = "<group>"; };
		7ADB02422C98802000CB4AF0 /* CustomSegment.swift */ = {isa = PBXFileReference; lastKnownFileType = sourcecode.swift; path = CustomSegment.swift; sourceTree = "<group>"; };
		7ADB02442C9884F300CB4AF0 /* UINavigationBar+Extension.swift */ = {isa = PBXFileReference; lastKnownFileType = sourcecode.swift; path = "UINavigationBar+Extension.swift"; sourceTree = "<group>"; };
		7ADB02462C989A2200CB4AF0 /* JGProgressHUD+Extension.swift */ = {isa = PBXFileReference; lastKnownFileType = sourcecode.swift; path = "JGProgressHUD+Extension.swift"; sourceTree = "<group>"; };
		7AF402D42C99CE020064BEB1 /* ReachabilityManagement.swift */ = {isa = PBXFileReference; lastKnownFileType = sourcecode.swift; path = ReachabilityManagement.swift; sourceTree = "<group>"; };
		7AF402D62C99D87C0064BEB1 /* BaseVC.swift */ = {isa = PBXFileReference; lastKnownFileType = sourcecode.swift; path = BaseVC.swift; sourceTree = "<group>"; };
		7AF402D92C99DEE10064BEB1 /* NoInternetViewController.swift */ = {isa = PBXFileReference; lastKnownFileType = sourcecode.swift; path = NoInternetViewController.swift; sourceTree = "<group>"; };
		7AFD3F672C9905C3007B53C0 /* FavoritesManager.swift */ = {isa = PBXFileReference; lastKnownFileType = sourcecode.swift; path = FavoritesManager.swift; sourceTree = "<group>"; };
		7AFD3F6A2C9909AD007B53C0 /* FavoritesVC.swift */ = {isa = PBXFileReference; lastKnownFileType = sourcecode.swift; path = FavoritesVC.swift; sourceTree = "<group>"; };
		7AFD3F6B2C9909AD007B53C0 /* FavoritesVC.xib */ = {isa = PBXFileReference; lastKnownFileType = file.xib; path = FavoritesVC.xib; sourceTree = "<group>"; };
		7AFD3F702C9910FF007B53C0 /* Array+Extension.swift */ = {isa = PBXFileReference; lastKnownFileType = sourcecode.swift; path = "Array+Extension.swift"; sourceTree = "<group>"; };
		7AFD3F722C992388007B53C0 /* FavoritesViewModel.swift */ = {isa = PBXFileReference; lastKnownFileType = sourcecode.swift; path = FavoritesViewModel.swift; sourceTree = "<group>"; };
		7AFD3F742C99241F007B53C0 /* UISearchBar+Extension.swift */ = {isa = PBXFileReference; lastKnownFileType = sourcecode.swift; path = "UISearchBar+Extension.swift"; sourceTree = "<group>"; };
		86A65CC800C71E28B014B02E /* Pods-GitHupTrendingApp.release.xcconfig */ = {isa = PBXFileReference; includeInIndex = 1; lastKnownFileType = text.xcconfig; name = "Pods-GitHupTrendingApp.release.xcconfig"; path = "Target Support Files/Pods-GitHupTrendingApp/Pods-GitHupTrendingApp.release.xcconfig"; sourceTree = "<group>"; };
		ABE4DA3D5609182A74FEBA96 /* Pods-GitHupTrendingApp.debug.xcconfig */ = {isa = PBXFileReference; includeInIndex = 1; lastKnownFileType = text.xcconfig; name = "Pods-GitHupTrendingApp.debug.xcconfig"; path = "Target Support Files/Pods-GitHupTrendingApp/Pods-GitHupTrendingApp.debug.xcconfig"; sourceTree = "<group>"; };
		B6B05B690768B05550687BE3 /* Pods_GitHupTrendingApp.framework */ = {isa = PBXFileReference; explicitFileType = wrapper.framework; includeInIndex = 0; path = Pods_GitHupTrendingApp.framework; sourceTree = BUILT_PRODUCTS_DIR; };
/* End PBXFileReference section */

/* Begin PBXFrameworksBuildPhase section */
		7AAFD5052C97E72600E0D850 /* Frameworks */ = {
			isa = PBXFrameworksBuildPhase;
			buildActionMask = 2147483647;
			files = (
				E1E3C07CCD2881F663F94C20 /* Pods_GitHupTrendingApp.framework in Frameworks */,
			);
			runOnlyForDeploymentPostprocessing = 0;
		};
/* End PBXFrameworksBuildPhase section */

/* Begin PBXGroup section */
		7A66564D2C98BE3B0068A793 /* NoDataView */ = {
			isa = PBXGroup;
			children = (
				7A6656492C98BE2E0068A793 /* NoDataView.swift */,
				7A66564A2C98BE2F0068A793 /* NoDataView.xib */,
			);
			path = NoDataView;
			sourceTree = "<group>";
		};
		7AAFD4FF2C97E72600E0D850 = {
			isa = PBXGroup;
			children = (
				7AAFD50A2C97E72600E0D850 /* GitHupTrendingApp */,
				7AAFD5092C97E72600E0D850 /* Products */,
				8B2047F3F7FC7EFAC7955AEA /* Pods */,
				C4D9C1C458836159BC991BF7 /* Frameworks */,
			);
			sourceTree = "<group>";
		};
		7AAFD5092C97E72600E0D850 /* Products */ = {
			isa = PBXGroup;
			children = (
				7AAFD5082C97E72600E0D850 /* GitHupTrendingApp.app */,
			);
			name = Products;
			sourceTree = "<group>";
		};
		7AAFD50A2C97E72600E0D850 /* GitHupTrendingApp */ = {
			isa = PBXGroup;
			children = (
				7AAFD51F2C97E92B00E0D850 /* Delegates */,
				7AFD3F692C990996007B53C0 /* FavoritesModule */,
				7A66564D2C98BE3B0068A793 /* NoDataView */,
				7AAFD5362C986E8A00E0D850 /* Utils */,
				7AAFD52E2C97EFCE00E0D850 /* Cells */,
				7AAFD5232C97E9C900E0D850 /* Manger */,
				7AAFD5222C97E9AE00E0D850 /* Models */,
				7AAFD5252C97E9E700E0D850 /* ViewModels */,
				7AAFD5242C97E9E000E0D850 /* Views */,
				7AAFD5112C97E72600E0D850 /* Main.storyboard */,
				7AAFD5162C97E72700E0D850 /* LaunchScreen.storyboard */,
				7AAFD5212C97E97800E0D850 /* Extensions */,
				7AAFD5202C97E95B00E0D850 /* Resources */,
				7AAFD5192C97E72700E0D850 /* Info.plist */,
			);
			path = GitHupTrendingApp;
			sourceTree = "<group>";
		};
		7AAFD51F2C97E92B00E0D850 /* Delegates */ = {
			isa = PBXGroup;
			children = (
				7AAFD50B2C97E72600E0D850 /* AppDelegate.swift */,
				7AAFD50D2C97E72600E0D850 /* SceneDelegate.swift */,
			);
			path = Delegates;
			sourceTree = "<group>";
		};
		7AAFD5202C97E95B00E0D850 /* Resources */ = {
			isa = PBXGroup;
			children = (
				7AAFD5142C97E72700E0D850 /* Assets.xcassets */,
			);
			path = Resources;
			sourceTree = "<group>";
		};
		7AAFD5212C97E97800E0D850 /* Extensions */ = {
			isa = PBXGroup;
			children = (
				7AAFD5342C97FBFB00E0D850 /* UITableView+Extension.swift */,
				7AAFD5392C986F1700E0D850 /* UIViewController+Extension.swift */,
				7AAFD53B2C98763700E0D850 /* Kingfisher+Extension.swift */,
				7ADB02422C98802000CB4AF0 /* CustomSegment.swift */,
				7ADB02442C9884F300CB4AF0 /* UINavigationBar+Extension.swift */,
				7ADB02462C989A2200CB4AF0 /* JGProgressHUD+Extension.swift */,
				7A6656522C98EBAA0068A793 /* UILabel+Extensions.swift */,
				7AFD3F702C9910FF007B53C0 /* Array+Extension.swift */,
				7AFD3F742C99241F007B53C0 /* UISearchBar+Extension.swift */,
				7AF402D62C99D87C0064BEB1 /* BaseVC.swift */,
			);
			path = Extensions;
			sourceTree = "<group>";
		};
		7AAFD5222C97E9AE00E0D850 /* Models */ = {
			isa = PBXGroup;
			children = (
				7AAFD52C2C97EF2600E0D850 /* GitRepositoriesResponse.swift */,
			);
			path = Models;
			sourceTree = "<group>";
		};
		7AAFD5232C97E9C900E0D850 /* Manger */ = {
			isa = PBXGroup;
			children = (
				7AAFD5262C97EC1000E0D850 /* NetworkManger.swift */,
				7AF402DB2C99DF210064BEB1 /* InternetConnectionManager */,
			);
			path = Manger;
			sourceTree = "<group>";
		};
		7AAFD5242C97E9E000E0D850 /* Views */ = {
			isa = PBXGroup;
			children = (
				7AAFD50F2C97E72600E0D850 /* TrendingListVC.swift */,
				7A6656502C98D91D0068A793 /* GitRepoDetailsVC.swift */,
			);
			path = Views;
			sourceTree = "<group>";
		};
		7AAFD5252C97E9E700E0D850 /* ViewModels */ = {
			isa = PBXGroup;
			children = (
				7AAFD52A2C97EE8A00E0D850 /* TrendingListViewModel.swift */,
			);
			path = ViewModels;
			sourceTree = "<group>";
		};
		7AAFD52E2C97EFCE00E0D850 /* Cells */ = {
			isa = PBXGroup;
			children = (
				7AAFD5332C97EFF700E0D850 /* RepositoryCell */,
			);
			path = Cells;
			sourceTree = "<group>";
		};
		7AAFD5332C97EFF700E0D850 /* RepositoryCell */ = {
			isa = PBXGroup;
			children = (
				7AAFD52F2C97EFEF00E0D850 /* RepositoryCell.swift */,
				7AAFD5302C97EFF000E0D850 /* RepositoryCell.xib */,
			);
			path = RepositoryCell;
			sourceTree = "<group>";
		};
		7AAFD5362C986E8A00E0D850 /* Utils */ = {
			isa = PBXGroup;
			children = (
				7AAFD5372C986E9900E0D850 /* Constants.swift */,
			);
			path = Utils;
			sourceTree = "<group>";
		};
		7AF402DB2C99DF210064BEB1 /* InternetConnectionManager */ = {
			isa = PBXGroup;
			children = (
				7AF402D42C99CE020064BEB1 /* ReachabilityManagement.swift */,
				7AF402D92C99DEE10064BEB1 /* NoInternetViewController.swift */,
			);
			path = InternetConnectionManager;
			sourceTree = "<group>";
		};
		7AF402DC2C99DFBF0064BEB1 /* FavoritesViewModel */ = {
			isa = PBXGroup;
			children = (
				7AFD3F722C992388007B53C0 /* FavoritesViewModel.swift */,
			);
			path = FavoritesViewModel;
			sourceTree = "<group>";
		};
		7AFD3F692C990996007B53C0 /* FavoritesModule */ = {
			isa = PBXGroup;
			children = (
				7AF402DC2C99DFBF0064BEB1 /* FavoritesViewModel */,
				7AFD3F6F2C9909C5007B53C0 /* FavoritesManager */,
				7AFD3F6E2C9909B6007B53C0 /* FavoritesVC */,
			);
			path = FavoritesModule;
			sourceTree = "<group>";
		};
		7AFD3F6E2C9909B6007B53C0 /* FavoritesVC */ = {
			isa = PBXGroup;
			children = (
				7AFD3F6A2C9909AD007B53C0 /* FavoritesVC.swift */,
				7AFD3F6B2C9909AD007B53C0 /* FavoritesVC.xib */,
			);
			path = FavoritesVC;
			sourceTree = "<group>";
		};
		7AFD3F6F2C9909C5007B53C0 /* FavoritesManager */ = {
			isa = PBXGroup;
			children = (
				7AFD3F672C9905C3007B53C0 /* FavoritesManager.swift */,
			);
			path = FavoritesManager;
			sourceTree = "<group>";
		};
		8B2047F3F7FC7EFAC7955AEA /* Pods */ = {
			isa = PBXGroup;
			children = (
				ABE4DA3D5609182A74FEBA96 /* Pods-GitHupTrendingApp.debug.xcconfig */,
				86A65CC800C71E28B014B02E /* Pods-GitHupTrendingApp.release.xcconfig */,
			);
			path = Pods;
			sourceTree = "<group>";
		};
		C4D9C1C458836159BC991BF7 /* Frameworks */ = {
			isa = PBXGroup;
			children = (
				B6B05B690768B05550687BE3 /* Pods_GitHupTrendingApp.framework */,
			);
			name = Frameworks;
			sourceTree = "<group>";
		};
/* End PBXGroup section */

/* Begin PBXNativeTarget section */
		7AAFD5072C97E72600E0D850 /* GitHupTrendingApp */ = {
			isa = PBXNativeTarget;
			buildConfigurationList = 7AAFD51C2C97E72700E0D850 /* Build configuration list for PBXNativeTarget "GitHupTrendingApp" */;
			buildPhases = (
				08221D39D3AE8663B3DE9A1D /* [CP] Check Pods Manifest.lock */,
				7AAFD5042C97E72600E0D850 /* Sources */,
				7AAFD5052C97E72600E0D850 /* Frameworks */,
				7AAFD5062C97E72600E0D850 /* Resources */,
				9AF787C18704771CB83560B3 /* [CP] Embed Pods Frameworks */,
			);
			buildRules = (
			);
			dependencies = (
			);
			name = GitHupTrendingApp;
			productName = GitHupTrendingApp;
			productReference = 7AAFD5082C97E72600E0D850 /* GitHupTrendingApp.app */;
			productType = "com.apple.product-type.application";
		};
/* End PBXNativeTarget section */

/* Begin PBXProject section */
		7AAFD5002C97E72600E0D850 /* Project object */ = {
			isa = PBXProject;
			attributes = {
				BuildIndependentTargetsInParallel = 1;
				LastSwiftUpdateCheck = 1520;
				LastUpgradeCheck = 1520;
				TargetAttributes = {
					7AAFD5072C97E72600E0D850 = {
						CreatedOnToolsVersion = 15.2;
					};
				};
			};
			buildConfigurationList = 7AAFD5032C97E72600E0D850 /* Build configuration list for PBXProject "GitHupTrendingApp" */;
			compatibilityVersion = "Xcode 14.0";
			developmentRegion = en;
			hasScannedForEncodings = 0;
			knownRegions = (
				en,
				Base,
			);
			mainGroup = 7AAFD4FF2C97E72600E0D850;
			productRefGroup = 7AAFD5092C97E72600E0D850 /* Products */;
			projectDirPath = "";
			projectRoot = "";
			targets = (
				7AAFD5072C97E72600E0D850 /* GitHupTrendingApp */,
			);
		};
/* End PBXProject section */

/* Begin PBXResourcesBuildPhase section */
		7AAFD5062C97E72600E0D850 /* Resources */ = {
			isa = PBXResourcesBuildPhase;
			buildActionMask = 2147483647;
			files = (
				7AFD3F6D2C9909AD007B53C0 /* FavoritesVC.xib in Resources */,
				7AAFD5182C97E72700E0D850 /* LaunchScreen.storyboard in Resources */,
				7AAFD5152C97E72700E0D850 /* Assets.xcassets in Resources */,
				7AAFD5132C97E72600E0D850 /* Main.storyboard in Resources */,
				7AAFD5322C97EFF000E0D850 /* RepositoryCell.xib in Resources */,
				7A66564C2C98BE2F0068A793 /* NoDataView.xib in Resources */,
			);
			runOnlyForDeploymentPostprocessing = 0;
		};
/* End PBXResourcesBuildPhase section */

/* Begin PBXShellScriptBuildPhase section */
		08221D39D3AE8663B3DE9A1D /* [CP] Check Pods Manifest.lock */ = {
			isa = PBXShellScriptBuildPhase;
			buildActionMask = 2147483647;
			files = (
			);
			inputFileListPaths = (
			);
			inputPaths = (
				"${PODS_PODFILE_DIR_PATH}/Podfile.lock",
				"${PODS_ROOT}/Manifest.lock",
			);
			name = "[CP] Check Pods Manifest.lock";
			outputFileListPaths = (
			);
			outputPaths = (
				"$(DERIVED_FILE_DIR)/Pods-GitHupTrendingApp-checkManifestLockResult.txt",
			);
			runOnlyForDeploymentPostprocessing = 0;
			shellPath = /bin/sh;
			shellScript = "diff \"${PODS_PODFILE_DIR_PATH}/Podfile.lock\" \"${PODS_ROOT}/Manifest.lock\" > /dev/null\nif [ $? != 0 ] ; then\n    # print error to STDERR\n    echo \"error: The sandbox is not in sync with the Podfile.lock. Run 'pod install' or update your CocoaPods installation.\" >&2\n    exit 1\nfi\n# This output is used by Xcode 'outputs' to avoid re-running this script phase.\necho \"SUCCESS\" > \"${SCRIPT_OUTPUT_FILE_0}\"\n";
			showEnvVarsInLog = 0;
		};
		9AF787C18704771CB83560B3 /* [CP] Embed Pods Frameworks */ = {
			isa = PBXShellScriptBuildPhase;
			buildActionMask = 2147483647;
			files = (
			);
			inputFileListPaths = (
				"${PODS_ROOT}/Target Support Files/Pods-GitHupTrendingApp/Pods-GitHupTrendingApp-frameworks-${CONFIGURATION}-input-files.xcfilelist",
			);
			name = "[CP] Embed Pods Frameworks";
			outputFileListPaths = (
				"${PODS_ROOT}/Target Support Files/Pods-GitHupTrendingApp/Pods-GitHupTrendingApp-frameworks-${CONFIGURATION}-output-files.xcfilelist",
			);
			runOnlyForDeploymentPostprocessing = 0;
			shellPath = /bin/sh;
			shellScript = "\"${PODS_ROOT}/Target Support Files/Pods-GitHupTrendingApp/Pods-GitHupTrendingApp-frameworks.sh\"\n";
			showEnvVarsInLog = 0;
		};
/* End PBXShellScriptBuildPhase section */

/* Begin PBXSourcesBuildPhase section */
		7AAFD5042C97E72600E0D850 /* Sources */ = {
			isa = PBXSourcesBuildPhase;
			buildActionMask = 2147483647;
			files = (
				7AFD3F6C2C9909AD007B53C0 /* FavoritesVC.swift in Sources */,
				7ADB02452C9884F300CB4AF0 /* UINavigationBar+Extension.swift in Sources */,
				7AAFD5102C97E72600E0D850 /* TrendingListVC.swift in Sources */,
				7A6656532C98EBAA0068A793 /* UILabel+Extensions.swift in Sources */,
				7AAFD5312C97EFF000E0D850 /* RepositoryCell.swift in Sources */,
				7AAFD50C2C97E72600E0D850 /* AppDelegate.swift in Sources */,
				7AAFD5272C97EC1000E0D850 /* NetworkManger.swift in Sources */,
				7ADB02472C989A2200CB4AF0 /* JGProgressHUD+Extension.swift in Sources */,
				7AFD3F682C9905C3007B53C0 /* FavoritesManager.swift in Sources */,
				7AAFD53C2C98763700E0D850 /* Kingfisher+Extension.swift in Sources */,
				7AAFD53A2C986F1700E0D850 /* UIViewController+Extension.swift in Sources */,
				7AFD3F752C99241F007B53C0 /* UISearchBar+Extension.swift in Sources */,
				7AFD3F712C9910FF007B53C0 /* Array+Extension.swift in Sources */,
				7AAFD52B2C97EE8A00E0D850 /* TrendingListViewModel.swift in Sources */,
				7AAFD50E2C97E72600E0D850 /* SceneDelegate.swift in Sources */,
				7A6656512C98D91D0068A793 /* GitRepoDetailsVC.swift in Sources */,
				7AFD3F732C992388007B53C0 /* FavoritesViewModel.swift in Sources */,
				7A66564B2C98BE2F0068A793 /* NoDataView.swift in Sources */,
				7AF402DA2C99DEE10064BEB1 /* NoInternetViewController.swift in Sources */,
				7AF402D52C99CE020064BEB1 /* ReachabilityManagement.swift in Sources */,
				7AF402D72C99D87C0064BEB1 /* BaseVC.swift in Sources */,
				7ADB02432C98802000CB4AF0 /* CustomSegment.swift in Sources */,
				7AAFD52D2C97EF2600E0D850 /* GitRepositoriesResponse.swift in Sources */,
				7AAFD5352C97FBFB00E0D850 /* UITableView+Extension.swift in Sources */,
				7AAFD5382C986E9900E0D850 /* Constants.swift in Sources */,
			);
			runOnlyForDeploymentPostprocessing = 0;
		};
/* End PBXSourcesBuildPhase section */

/* Begin PBXVariantGroup section */
		7AAFD5112C97E72600E0D850 /* Main.storyboard */ = {
			isa = PBXVariantGroup;
			children = (
				7AAFD5122C97E72600E0D850 /* Base */,
			);
			name = Main.storyboard;
			sourceTree = "<group>";
		};
		7AAFD5162C97E72700E0D850 /* LaunchScreen.storyboard */ = {
			isa = PBXVariantGroup;
			children = (
				7AAFD5172C97E72700E0D850 /* Base */,
			);
			name = LaunchScreen.storyboard;
			sourceTree = "<group>";
		};
/* End PBXVariantGroup section */

/* Begin XCBuildConfiguration section */
		7AAFD51A2C97E72700E0D850 /* Debug */ = {
			isa = XCBuildConfiguration;
			buildSettings = {
				ALWAYS_SEARCH_USER_PATHS = NO;
				ASSETCATALOG_COMPILER_GENERATE_SWIFT_ASSET_SYMBOL_EXTENSIONS = YES;
				CLANG_ANALYZER_NONNULL = YES;
				CLANG_ANALYZER_NUMBER_OBJECT_CONVERSION = YES_AGGRESSIVE;
				CLANG_CXX_LANGUAGE_STANDARD = "gnu++20";
				CLANG_ENABLE_MODULES = YES;
				CLANG_ENABLE_OBJC_ARC = YES;
				CLANG_ENABLE_OBJC_WEAK = YES;
				CLANG_WARN_BLOCK_CAPTURE_AUTORELEASING = YES;
				CLANG_WARN_BOOL_CONVERSION = YES;
				CLANG_WARN_COMMA = YES;
				CLANG_WARN_CONSTANT_CONVERSION = YES;
				CLANG_WARN_DEPRECATED_OBJC_IMPLEMENTATIONS = YES;
				CLANG_WARN_DIRECT_OBJC_ISA_USAGE = YES_ERROR;
				CLANG_WARN_DOCUMENTATION_COMMENTS = YES;
				CLANG_WARN_EMPTY_BODY = YES;
				CLANG_WARN_ENUM_CONVERSION = YES;
				CLANG_WARN_INFINITE_RECURSION = YES;
				CLANG_WARN_INT_CONVERSION = YES;
				CLANG_WARN_NON_LITERAL_NULL_CONVERSION = YES;
				CLANG_WARN_OBJC_IMPLICIT_RETAIN_SELF = YES;
				CLANG_WARN_OBJC_LITERAL_CONVERSION = YES;
				CLANG_WARN_OBJC_ROOT_CLASS = YES_ERROR;
				CLANG_WARN_QUOTED_INCLUDE_IN_FRAMEWORK_HEADER = YES;
				CLANG_WARN_RANGE_LOOP_ANALYSIS = YES;
				CLANG_WARN_STRICT_PROTOTYPES = YES;
				CLANG_WARN_SUSPICIOUS_MOVE = YES;
				CLANG_WARN_UNGUARDED_AVAILABILITY = YES_AGGRESSIVE;
				CLANG_WARN_UNREACHABLE_CODE = YES;
				CLANG_WARN__DUPLICATE_METHOD_MATCH = YES;
				COPY_PHASE_STRIP = NO;
				DEBUG_INFORMATION_FORMAT = dwarf;
				ENABLE_STRICT_OBJC_MSGSEND = YES;
				ENABLE_TESTABILITY = YES;
				ENABLE_USER_SCRIPT_SANDBOXING = NO;
				GCC_C_LANGUAGE_STANDARD = gnu17;
				GCC_DYNAMIC_NO_PIC = NO;
				GCC_NO_COMMON_BLOCKS = YES;
				GCC_OPTIMIZATION_LEVEL = 0;
				GCC_PREPROCESSOR_DEFINITIONS = (
					"DEBUG=1",
					"$(inherited)",
				);
				GCC_WARN_64_TO_32_BIT_CONVERSION = YES;
				GCC_WARN_ABOUT_RETURN_TYPE = YES_ERROR;
				GCC_WARN_UNDECLARED_SELECTOR = YES;
				GCC_WARN_UNINITIALIZED_AUTOS = YES_AGGRESSIVE;
				GCC_WARN_UNUSED_FUNCTION = YES;
				GCC_WARN_UNUSED_VARIABLE = YES;
				IPHONEOS_DEPLOYMENT_TARGET = 13.0;
				LOCALIZATION_PREFERS_STRING_CATALOGS = YES;
				MTL_ENABLE_DEBUG_INFO = INCLUDE_SOURCE;
				MTL_FAST_MATH = YES;
				ONLY_ACTIVE_ARCH = YES;
				SDKROOT = iphoneos;
				SWIFT_ACTIVE_COMPILATION_CONDITIONS = "DEBUG $(inherited)";
				SWIFT_OPTIMIZATION_LEVEL = "-Onone";
			};
			name = Debug;
		};
		7AAFD51B2C97E72700E0D850 /* Release */ = {
			isa = XCBuildConfiguration;
			buildSettings = {
				ALWAYS_SEARCH_USER_PATHS = NO;
				ASSETCATALOG_COMPILER_GENERATE_SWIFT_ASSET_SYMBOL_EXTENSIONS = YES;
				CLANG_ANALYZER_NONNULL = YES;
				CLANG_ANALYZER_NUMBER_OBJECT_CONVERSION = YES_AGGRESSIVE;
				CLANG_CXX_LANGUAGE_STANDARD = "gnu++20";
				CLANG_ENABLE_MODULES = YES;
				CLANG_ENABLE_OBJC_ARC = YES;
				CLANG_ENABLE_OBJC_WEAK = YES;
				CLANG_WARN_BLOCK_CAPTURE_AUTORELEASING = YES;
				CLANG_WARN_BOOL_CONVERSION = YES;
				CLANG_WARN_COMMA = YES;
				CLANG_WARN_CONSTANT_CONVERSION = YES;
				CLANG_WARN_DEPRECATED_OBJC_IMPLEMENTATIONS = YES;
				CLANG_WARN_DIRECT_OBJC_ISA_USAGE = YES_ERROR;
				CLANG_WARN_DOCUMENTATION_COMMENTS = YES;
				CLANG_WARN_EMPTY_BODY = YES;
				CLANG_WARN_ENUM_CONVERSION = YES;
				CLANG_WARN_INFINITE_RECURSION = YES;
				CLANG_WARN_INT_CONVERSION = YES;
				CLANG_WARN_NON_LITERAL_NULL_CONVERSION = YES;
				CLANG_WARN_OBJC_IMPLICIT_RETAIN_SELF = YES;
				CLANG_WARN_OBJC_LITERAL_CONVERSION = YES;
				CLANG_WARN_OBJC_ROOT_CLASS = YES_ERROR;
				CLANG_WARN_QUOTED_INCLUDE_IN_FRAMEWORK_HEADER = YES;
				CLANG_WARN_RANGE_LOOP_ANALYSIS = YES;
				CLANG_WARN_STRICT_PROTOTYPES = YES;
				CLANG_WARN_SUSPICIOUS_MOVE = YES;
				CLANG_WARN_UNGUARDED_AVAILABILITY = YES_AGGRESSIVE;
				CLANG_WARN_UNREACHABLE_CODE = YES;
				CLANG_WARN__DUPLICATE_METHOD_MATCH = YES;
				COPY_PHASE_STRIP = NO;
				DEBUG_INFORMATION_FORMAT = "dwarf-with-dsym";
				ENABLE_NS_ASSERTIONS = NO;
				ENABLE_STRICT_OBJC_MSGSEND = YES;
				ENABLE_USER_SCRIPT_SANDBOXING = NO;
				GCC_C_LANGUAGE_STANDARD = gnu17;
				GCC_NO_COMMON_BLOCKS = YES;
				GCC_WARN_64_TO_32_BIT_CONVERSION = YES;
				GCC_WARN_ABOUT_RETURN_TYPE = YES_ERROR;
				GCC_WARN_UNDECLARED_SELECTOR = YES;
				GCC_WARN_UNINITIALIZED_AUTOS = YES_AGGRESSIVE;
				GCC_WARN_UNUSED_FUNCTION = YES;
				GCC_WARN_UNUSED_VARIABLE = YES;
				IPHONEOS_DEPLOYMENT_TARGET = 13.0;
				LOCALIZATION_PREFERS_STRING_CATALOGS = YES;
				MTL_ENABLE_DEBUG_INFO = NO;
				MTL_FAST_MATH = YES;
				SDKROOT = iphoneos;
				SWIFT_COMPILATION_MODE = wholemodule;
				VALIDATE_PRODUCT = YES;
			};
			name = Release;
		};
		7AAFD51D2C97E72700E0D850 /* Debug */ = {
			isa = XCBuildConfiguration;
			baseConfigurationReference = ABE4DA3D5609182A74FEBA96 /* Pods-GitHupTrendingApp.debug.xcconfig */;
			buildSettings = {
				ASSETCATALOG_COMPILER_APPICON_NAME = AppIcon;
				ASSETCATALOG_COMPILER_GLOBAL_ACCENT_COLOR_NAME = AccentColor;
				CODE_SIGN_STYLE = Automatic;
				CURRENT_PROJECT_VERSION = 1;
				DEVELOPMENT_TEAM = BP6M739D4C;
				GENERATE_INFOPLIST_FILE = YES;
				INFOPLIST_FILE = GitHupTrendingApp/Info.plist;
				INFOPLIST_KEY_UIApplicationSupportsIndirectInputEvents = YES;
				INFOPLIST_KEY_UILaunchStoryboardName = LaunchScreen;
				INFOPLIST_KEY_UIMainStoryboardFile = Main;
				INFOPLIST_KEY_UISupportedInterfaceOrientations_iPad = "UIInterfaceOrientationPortrait UIInterfaceOrientationPortraitUpsideDown UIInterfaceOrientationLandscapeLeft UIInterfaceOrientationLandscapeRight";
				INFOPLIST_KEY_UISupportedInterfaceOrientations_iPhone = "UIInterfaceOrientationPortrait UIInterfaceOrientationLandscapeLeft UIInterfaceOrientationLandscapeRight";
				IPHONEOS_DEPLOYMENT_TARGET = 13.0;
				LD_RUNPATH_SEARCH_PATHS = (
					"$(inherited)",
					"@executable_path/Frameworks",
				);
				MARKETING_VERSION = 1.0;
				PRODUCT_BUNDLE_IDENTIFIER = githuptrending.eisa.1992.GitHupTrendingApp;
				PRODUCT_NAME = "$(TARGET_NAME)";
				SWIFT_EMIT_LOC_STRINGS = YES;
				SWIFT_VERSION = 5.0;
				TARGETED_DEVICE_FAMILY = "1,2";
			};
			name = Debug;
		};
		7AAFD51E2C97E72700E0D850 /* Release */ = {
			isa = XCBuildConfiguration;
			baseConfigurationReference = 86A65CC800C71E28B014B02E /* Pods-GitHupTrendingApp.release.xcconfig */;
			buildSettings = {
				ASSETCATALOG_COMPILER_APPICON_NAME = AppIcon;
				ASSETCATALOG_COMPILER_GLOBAL_ACCENT_COLOR_NAME = AccentColor;
				CODE_SIGN_STYLE = Automatic;
				CURRENT_PROJECT_VERSION = 1;
				DEVELOPMENT_TEAM = BP6M739D4C;
				GENERATE_INFOPLIST_FILE = YES;
				INFOPLIST_FILE = GitHupTrendingApp/Info.plist;
				INFOPLIST_KEY_UIApplicationSupportsIndirectInputEvents = YES;
				INFOPLIST_KEY_UILaunchStoryboardName = LaunchScreen;
				INFOPLIST_KEY_UIMainStoryboardFile = Main;
				INFOPLIST_KEY_UISupportedInterfaceOrientations_iPad = "UIInterfaceOrientationPortrait UIInterfaceOrientationPortraitUpsideDown UIInterfaceOrientationLandscapeLeft UIInterfaceOrientationLandscapeRight";
				INFOPLIST_KEY_UISupportedInterfaceOrientations_iPhone = "UIInterfaceOrientationPortrait UIInterfaceOrientationLandscapeLeft UIInterfaceOrientationLandscapeRight";
				IPHONEOS_DEPLOYMENT_TARGET = 13.0;
				LD_RUNPATH_SEARCH_PATHS = (
					"$(inherited)",
					"@executable_path/Frameworks",
				);
				MARKETING_VERSION = 1.0;
				PRODUCT_BUNDLE_IDENTIFIER = githuptrending.eisa.1992.GitHupTrendingApp;
				PRODUCT_NAME = "$(TARGET_NAME)";
				SWIFT_EMIT_LOC_STRINGS = YES;
				SWIFT_VERSION = 5.0;
				TARGETED_DEVICE_FAMILY = "1,2";
			};
			name = Release;
		};
/* End XCBuildConfiguration section */

/* Begin XCConfigurationList section */
		7AAFD5032C97E72600E0D850 /* Build configuration list for PBXProject "GitHupTrendingApp" */ = {
			isa = XCConfigurationList;
			buildConfigurations = (
				7AAFD51A2C97E72700E0D850 /* Debug */,
				7AAFD51B2C97E72700E0D850 /* Release */,
			);
			defaultConfigurationIsVisible = 0;
			defaultConfigurationName = Release;
		};
		7AAFD51C2C97E72700E0D850 /* Build configuration list for PBXNativeTarget "GitHupTrendingApp" */ = {
			isa = XCConfigurationList;
			buildConfigurations = (
				7AAFD51D2C97E72700E0D850 /* Debug */,
				7AAFD51E2C97E72700E0D850 /* Release */,
			);
			defaultConfigurationIsVisible = 0;
			defaultConfigurationName = Release;
		};
/* End XCConfigurationList section */
	};
	rootObject = 7AAFD5002C97E72600E0D850 /* Project object */;
}
